
Microsoft Visual Studio Solution File, Format Version 12.00
# Visual Studio Version 16
VisualStudioVersion = 16.0.30320.27
MinimumVisualStudioVersion = 10.0.40219.1
Project("{FAE04EC0-301F-11D3-BF4B-00C04F79EFBC}") = "Exercicio04LTPV", "Exercicio04LTPV\Exercicio04LTPV.csproj", "{E250ED28-4709-43CE-AF0E-4C6380CF100E}"
EndProject
Project("{2150E333-8FDC-42A3-9474-1A3956D46DE8}") = "Dominio", "Dominio", "{3D9F30C7-F79D-4E65-A441-CA3AC959C0C4}"
EndProject
Project("{FAE04EC0-301F-11D3-BF4B-00C04F79EFBC}") = "Exercicio04.LTPV.Dominio", "Exercicio04.LTPV.Dominio\Exercicio04.LTPV.Dominio.csproj", "{C1D29859-AE9F-4DF4-BF61-2C934FE1C051}"
EndProject
Project("{2150E333-8FDC-42A3-9474-1A3956D46DE8}") = "Infra", "Infra", "{3C83DF76-62E2-4637-AF14-E320CBF57F67}"
EndProject
Project("{FAE04EC0-301F-11D3-BF4B-00C04F79EFBC}") = "Exercicio04.LTPV.Data", "Exercicio04.LTPV.Data\Exercicio04.LTPV.Data.csproj", "{12E89073-900D-43E8-B7D0-CF105599BB44}"
EndProject
Global
	GlobalSection(SolutionConfigurationPlatforms) = preSolution
		Debug|Any CPU = Debug|Any CPU
		Release|Any CPU = Release|Any CPU
	EndGlobalSection
	GlobalSection(ProjectConfigurationPlatforms) = postSolution
		{E250ED28-4709-43CE-AF0E-4C6380CF100E}.Debug|Any CPU.ActiveCfg = Debug|Any CPU
		{E250ED28-4709-43CE-AF0E-4C6380CF100E}.Debug|Any CPU.Build.0 = Debug|Any CPU
		{E250ED28-4709-43CE-AF0E-4C6380CF100E}.Release|Any CPU.ActiveCfg = Release|Any CPU
		{E250ED28-4709-43CE-AF0E-4C6380CF100E}.Release|Any CPU.Build.0 = Release|Any CPU
		{C1D29859-AE9F-4DF4-BF61-2C934FE1C051}.Debug|Any CPU.ActiveCfg = Debug|Any CPU
		{C1D29859-AE9F-4DF4-BF61-2C934FE1C051}.Debug|Any CPU.Build.0 = Debug|Any CPU
		{C1D29859-AE9F-4DF4-BF61-2C934FE1C051}.Release|Any CPU.ActiveCfg = Release|Any CPU
		{C1D29859-AE9F-4DF4-BF61-2C934FE1C051}.Release|Any CPU.Build.0 = Release|Any CPU
		{12E89073-900D-43E8-B7D0-CF105599BB44}.Debug|Any CPU.ActiveCfg = Debug|Any CPU
		{12E89073-900D-43E8-B7D0-CF105599BB44}.Debug|Any CPU.Build.0 = Debug|Any CPU
		{12E89073-900D-43E8-B7D0-CF105599BB44}.Release|Any CPU.ActiveCfg = Release|Any CPU
		{12E89073-900D-43E8-B7D0-CF105599BB44}.Release|Any CPU.Build.0 = Release|Any CPU
	EndGlobalSection
	GlobalSection(SolutionProperties) = preSolution
		HideSolutionNode = FALSE
	EndGlobalSection
	GlobalSection(NestedProjects) = preSolution
		{C1D29859-AE9F-4DF4-BF61-2C934FE1C051} = {3D9F30C7-F79D-4E65-A441-CA3AC959C0C4}
		{12E89073-900D-43E8-B7D0-CF105599BB44} = {3C83DF76-62E2-4637-AF14-E320CBF57F67}
	EndGlobalSection
	GlobalSection(ExtensibilityGlobals) = postSolution
		SolutionGuid = {EDE5F000-16DF-4865-AF2D-3F82ACE8FA4D}
	EndGlobalSection
EndGlobal
